# This is a Gradle generated file for dependency locking.
# Manual edits can break the build and are not advised.
# This file is expected to be part of source control.
com.google.code.findbugs:jsr305:1.3.9=allSourceSetsCompileDependenciesMetadata,jvmTestApiDependenciesMetadata,jvmTestCompileClasspath,jvmTestCompileOnlyDependenciesMetadata,jvmTestImplementationDependenciesMetadata,jvmTestResolvableDependenciesMetadata,jvmTestRuntimeClasspath
com.google.guava:guava-testlib:18.0=allSourceSetsCompileDependenciesMetadata,jvmTestApiDependenciesMetadata,jvmTestCompileClasspath,jvmTestCompileOnlyDependenciesMetadata,jvmTestImplementationDependenciesMetadata,jvmTestResolvableDependenciesMetadata,jvmTestRuntimeClasspath
com.google.guava:guava:18.0=allSourceSetsCompileDependenciesMetadata,jvmTestApiDependenciesMetadata,jvmTestCompileClasspath,jvmTestCompileOnlyDependenciesMetadata,jvmTestImplementationDependenciesMetadata,jvmTestResolvableDependenciesMetadata,jvmTestRuntimeClasspath
com.google.truth:truth:0.23=allSourceSetsCompileDependenciesMetadata,jvmTestApiDependenciesMetadata,jvmTestCompileClasspath,jvmTestCompileOnlyDependenciesMetadata,jvmTestImplementationDependenciesMetadata,jvmTestResolvableDependenciesMetadata,jvmTestRuntimeClasspath
junit:junit:4.10=allSourceSetsCompileDependenciesMetadata,jvmTestApiDependenciesMetadata,jvmTestCompileOnlyDependenciesMetadata,jvmTestImplementationDependenciesMetadata,jvmTestResolvableDependenciesMetadata
junit:junit:4.13.2=jvmTestCompileClasspath,jvmTestRuntimeClasspath
org.hamcrest:hamcrest-core:1.1=allSourceSetsCompileDependenciesMetadata,jvmTestApiDependenciesMetadata,jvmTestCompileOnlyDependenciesMetadata,jvmTestImplementationDependenciesMetadata,jvmTestResolvableDependenciesMetadata
org.hamcrest:hamcrest-core:1.3=jvmTestCompileClasspath,jvmTestRuntimeClasspath
org.jetbrains.intellij.deps:trove4j:1.0.20200330=kotlinBuildToolsApiClasspath,kotlinCompilerClasspath,kotlinKlibCommonizerClasspath
org.jetbrains.kotlin:kotlin-build-common:1.9.22=kotlinBuildToolsApiClasspath
org.jetbrains.kotlin:kotlin-build-tools-api:1.9.22=kotlinBuildToolsApiClasspath
org.jetbrains.kotlin:kotlin-build-tools-impl:1.9.22=kotlinBuildToolsApiClasspath
org.jetbrains.kotlin:kotlin-compiler-embeddable:1.9.22=kotlinBuildToolsApiClasspath,kotlinCompilerClasspath,kotlinKlibCommonizerClasspath
org.jetbrains.kotlin:kotlin-compiler-runner:1.9.22=kotlinBuildToolsApiClasspath
org.jetbrains.kotlin:kotlin-daemon-client:1.9.22=kotlinBuildToolsApiClasspath
org.jetbrains.kotlin:kotlin-daemon-embeddable:1.9.22=kotlinBuildToolsApiClasspath,kotlinCompilerClasspath,kotlinKlibCommonizerClasspath
org.jetbrains.kotlin:kotlin-dom-api-compat:1.9.22=allSourceSetsCompileDependenciesMetadata,jsCompileClasspath,jsMainApiDependenciesMetadata,jsMainCompileOnlyDependenciesMetadata,jsMainImplementationDependenciesMetadata,jsMainResolvableDependenciesMetadata,jsNpmAggregated,jsRuntimeClasspath,jsTestApiDependenciesMetadata,jsTestCompileClasspath,jsTestCompileOnlyDependenciesMetadata,jsTestImplementationDependenciesMetadata,jsTestNpmAggregated,jsTestResolvableDependenciesMetadata,jsTestRuntimeClasspath
org.jetbrains.kotlin:kotlin-klib-commonizer-embeddable:1.9.22=kotlinKlibCommonizerClasspath
org.jetbrains.kotlin:kotlin-reflect:1.6.10=kotlinBuildToolsApiClasspath,kotlinCompilerClasspath,kotlinKlibCommonizerClasspath
org.jetbrains.kotlin:kotlin-script-runtime:1.9.22=kotlinBuildToolsApiClasspath,kotlinCompilerClasspath,kotlinCompilerPluginClasspathJsMain,kotlinCompilerPluginClasspathJsTest,kotlinCompilerPluginClasspathJvmMain,kotlinCompilerPluginClasspathJvmTest,kotlinCompilerPluginClasspathMetadataCommonMain,kotlinCompilerPluginClasspathMetadataMain,kotlinCompilerPluginClasspathWasmJsMain,kotlinCompilerPluginClasspathWasmJsTest,kotlinCompilerPluginClasspathWasmWasiMain,kotlinCompilerPluginClasspathWasmWasiTest,kotlinKlibCommonizerClasspath
org.jetbrains.kotlin:kotlin-scripting-common:1.9.22=kotlinCompilerPluginClasspathJsMain,kotlinCompilerPluginClasspathJsTest,kotlinCompilerPluginClasspathJvmMain,kotlinCompilerPluginClasspathJvmTest,kotlinCompilerPluginClasspathMetadataCommonMain,kotlinCompilerPluginClasspathMetadataMain,kotlinCompilerPluginClasspathWasmJsMain,kotlinCompilerPluginClasspathWasmJsTest,kotlinCompilerPluginClasspathWasmWasiMain,kotlinCompilerPluginClasspathWasmWasiTest
org.jetbrains.kotlin:kotlin-scripting-compiler-embeddable:1.9.22=kotlinCompilerPluginClasspathJsMain,kotlinCompilerPluginClasspathJsTest,kotlinCompilerPluginClasspathJvmMain,kotlinCompilerPluginClasspathJvmTest,kotlinCompilerPluginClasspathMetadataCommonMain,kotlinCompilerPluginClasspathMetadataMain,kotlinCompilerPluginClasspathWasmJsMain,kotlinCompilerPluginClasspathWasmJsTest,kotlinCompilerPluginClasspathWasmWasiMain,kotlinCompilerPluginClasspathWasmWasiTest
org.jetbrains.kotlin:kotlin-scripting-compiler-impl-embeddable:1.9.22=kotlinCompilerPluginClasspathJsMain,kotlinCompilerPluginClasspathJsTest,kotlinCompilerPluginClasspathJvmMain,kotlinCompilerPluginClasspathJvmTest,kotlinCompilerPluginClasspathMetadataCommonMain,kotlinCompilerPluginClasspathMetadataMain,kotlinCompilerPluginClasspathWasmJsMain,kotlinCompilerPluginClasspathWasmJsTest,kotlinCompilerPluginClasspathWasmWasiMain,kotlinCompilerPluginClasspathWasmWasiTest
org.jetbrains.kotlin:kotlin-scripting-jvm:1.9.22=kotlinCompilerPluginClasspathJsMain,kotlinCompilerPluginClasspathJsTest,kotlinCompilerPluginClasspathJvmMain,kotlinCompilerPluginClasspathJvmTest,kotlinCompilerPluginClasspathMetadataCommonMain,kotlinCompilerPluginClasspathMetadataMain,kotlinCompilerPluginClasspathWasmJsMain,kotlinCompilerPluginClasspathWasmJsTest,kotlinCompilerPluginClasspathWasmWasiMain,kotlinCompilerPluginClasspathWasmWasiTest
org.jetbrains.kotlin:kotlin-stdlib-js:1.9.22=jsCompileClasspath,jsMainApiDependenciesMetadata,jsMainCompileOnlyDependenciesMetadata,jsMainImplementationDependenciesMetadata,jsNpmAggregated,jsRuntimeClasspath,jsTestApiDependenciesMetadata,jsTestCompileClasspath,jsTestCompileOnlyDependenciesMetadata,jsTestImplementationDependenciesMetadata,jsTestNpmAggregated,jsTestRuntimeClasspath
org.jetbrains.kotlin:kotlin-stdlib-wasm-js:1.9.22=wasmJsCompileClasspath,wasmJsNpmAggregated,wasmJsRuntimeClasspath,wasmJsTestCompileClasspath,wasmJsTestNpmAggregated,wasmJsTestRuntimeClasspath
org.jetbrains.kotlin:kotlin-stdlib-wasm-wasi:1.9.22=wasmWasiCompileClasspath,wasmWasiNpmAggregated,wasmWasiRuntimeClasspath,wasmWasiTestCompileClasspath,wasmWasiTestNpmAggregated,wasmWasiTestRuntimeClasspath
org.jetbrains.kotlin:kotlin-stdlib:1.9.22=allSourceSetsCompileDependenciesMetadata,androidNativeArm32CompilationApi,androidNativeArm32CompilationDependenciesMetadata,androidNativeArm32CompileKlibraries,androidNativeArm32MainApiDependenciesMetadata,androidNativeArm32MainCompileOnlyDependenciesMetadata,androidNativeArm32MainImplementationDependenciesMetadata,androidNativeArm32MainResolvableDependenciesMetadata,androidNativeArm32TestApiDependenciesMetadata,androidNativeArm32TestCompilationDependenciesMetadata,androidNativeArm32TestCompileKlibraries,androidNativeArm32TestCompileOnlyDependenciesMetadata,androidNativeArm32TestImplementationDependenciesMetadata,androidNativeArm32TestResolvableDependenciesMetadata,androidNativeArm64CompilationApi,androidNativeArm64CompilationDependenciesMetadata,androidNativeArm64CompileKlibraries,androidNativeArm64MainApiDependenciesMetadata,androidNativeArm64MainCompileOnlyDependenciesMetadata,androidNativeArm64MainImplementationDependenciesMetadata,androidNativeArm64MainResolvableDependenciesMetadata,androidNativeArm64TestApiDependenciesMetadata,androidNativeArm64TestCompilationDependenciesMetadata,androidNativeArm64TestCompileKlibraries,androidNativeArm64TestCompileOnlyDependenciesMetadata,androidNativeArm64TestImplementationDependenciesMetadata,androidNativeArm64TestResolvableDependenciesMetadata,androidNativeMainApiDependenciesMetadata,androidNativeMainCompileOnlyDependenciesMetadata,androidNativeMainImplementationDependenciesMetadata,androidNativeMainResolvableDependenciesMetadata,androidNativeTestApiDependenciesMetadata,androidNativeTestCompileOnlyDependenciesMetadata,androidNativeTestImplementationDependenciesMetadata,androidNativeTestResolvableDependenciesMetadata,androidNativeX64CompilationApi,androidNativeX64CompilationDependenciesMetadata,androidNativeX64CompileKlibraries,androidNativeX64MainApiDependenciesMetadata,androidNativeX64MainCompileOnlyDependenciesMetadata,androidNativeX64MainImplementationDependenciesMetadata,androidNativeX64MainResolvableDependenciesMetadata,androidNativeX64TestApiDependenciesMetadata,androidNativeX64TestCompilationDependenciesMetadata,androidNativeX64TestCompileKlibraries,androidNativeX64TestCompileOnlyDependenciesMetadata,androidNativeX64TestImplementationDependenciesMetadata,androidNativeX64TestResolvableDependenciesMetadata,androidNativeX86CompilationApi,androidNativeX86CompilationDependenciesMetadata,androidNativeX86CompileKlibraries,androidNativeX86MainApiDependenciesMetadata,androidNativeX86MainCompileOnlyDependenciesMetadata,androidNativeX86MainImplementationDependenciesMetadata,androidNativeX86MainResolvableDependenciesMetadata,androidNativeX86TestApiDependenciesMetadata,androidNativeX86TestCompilationDependenciesMetadata,androidNativeX86TestCompileKlibraries,androidNativeX86TestCompileOnlyDependenciesMetadata,androidNativeX86TestImplementationDependenciesMetadata,androidNativeX86TestResolvableDependenciesMetadata,appleMainApiDependenciesMetadata,appleMainCompileOnlyDependenciesMetadata,appleMainImplementationDependenciesMetadata,appleMainResolvableDependenciesMetadata,appleTestApiDependenciesMetadata,appleTestCompileOnlyDependenciesMetadata,appleTestImplementationDependenciesMetadata,appleTestResolvableDependenciesMetadata,commonMainApiDependenciesMetadata,commonMainCompileOnlyDependenciesMetadata,commonMainImplementationDependenciesMetadata,commonMainResolvableDependenciesMetadata,commonTestApiDependenciesMetadata,commonTestCompileOnlyDependenciesMetadata,commonTestImplementationDependenciesMetadata,commonTestResolvableDependenciesMetadata,iosArm64CompilationApi,iosArm64CompilationDependenciesMetadata,iosArm64CompileKlibraries,iosArm64MainApiDependenciesMetadata,iosArm64MainCompileOnlyDependenciesMetadata,iosArm64MainImplementationDependenciesMetadata,iosArm64MainResolvableDependenciesMetadata,iosArm64TestApiDependenciesMetadata,iosArm64TestCompilationDependenciesMetadata,iosArm64TestCompileKlibraries,iosArm64TestCompileOnlyDependenciesMetadata,iosArm64TestImplementationDependenciesMetadata,iosArm64TestResolvableDependenciesMetadata,iosMainApiDependenciesMetadata,iosMainCompileOnlyDependenciesMetadata,iosMainImplementationDependenciesMetadata,iosMainResolvableDependenciesMetadata,iosSimulatorArm64CompilationApi,iosSimulatorArm64CompilationDependenciesMetadata,iosSimulatorArm64CompileKlibraries,iosSimulatorArm64MainApiDependenciesMetadata,iosSimulatorArm64MainCompileOnlyDependenciesMetadata,iosSimulatorArm64MainImplementationDependenciesMetadata,iosSimulatorArm64MainResolvableDependenciesMetadata,iosSimulatorArm64TestApiDependenciesMetadata,iosSimulatorArm64TestCompilationDependenciesMetadata,iosSimulatorArm64TestCompileKlibraries,iosSimulatorArm64TestCompileOnlyDependenciesMetadata,iosSimulatorArm64TestImplementationDependenciesMetadata,iosSimulatorArm64TestResolvableDependenciesMetadata,iosTestApiDependenciesMetadata,iosTestCompileOnlyDependenciesMetadata,iosTestImplementationDependenciesMetadata,iosTestResolvableDependenciesMetadata,iosX64CompilationApi,iosX64CompilationDependenciesMetadata,iosX64CompileKlibraries,iosX64MainApiDependenciesMetadata,iosX64MainCompileOnlyDependenciesMetadata,iosX64MainImplementationDependenciesMetadata,iosX64MainResolvableDependenciesMetadata,iosX64TestApiDependenciesMetadata,iosX64TestCompilationDependenciesMetadata,iosX64TestCompileKlibraries,iosX64TestCompileOnlyDependenciesMetadata,iosX64TestImplementationDependenciesMetadata,iosX64TestResolvableDependenciesMetadata,jsCompileClasspath,jsMainApiDependenciesMetadata,jsMainCompileOnlyDependenciesMetadata,jsMainImplementationDependenciesMetadata,jsMainResolvableDependenciesMetadata,jsNpmAggregated,jsRuntimeClasspath,jsTestApiDependenciesMetadata,jsTestCompileClasspath,jsTestCompileOnlyDependenciesMetadata,jsTestImplementationDependenciesMetadata,jsTestNpmAggregated,jsTestResolvableDependenciesMetadata,jsTestRuntimeClasspath,jvmCompileClasspath,jvmMainApiDependenciesMetadata,jvmMainCompileOnlyDependenciesMetadata,jvmMainImplementationDependenciesMetadata,jvmMainResolvableDependenciesMetadata,jvmRuntimeClasspath,jvmTestApiDependenciesMetadata,jvmTestCompileClasspath,jvmTestCompileOnlyDependenciesMetadata,jvmTestImplementationDependenciesMetadata,jvmTestResolvableDependenciesMetadata,jvmTestRuntimeClasspath,kotlinBuildToolsApiClasspath,kotlinCompilerClasspath,kotlinCompilerPluginClasspathJsMain,kotlinCompilerPluginClasspathJsTest,kotlinCompilerPluginClasspathJvmMain,kotlinCompilerPluginClasspathJvmTest,kotlinCompilerPluginClasspathMetadataCommonMain,kotlinCompilerPluginClasspathMetadataMain,kotlinCompilerPluginClasspathWasmJsMain,kotlinCompilerPluginClasspathWasmJsTest,kotlinCompilerPluginClasspathWasmWasiMain,kotlinCompilerPluginClasspathWasmWasiTest,kotlinKlibCommonizerClasspath,linuxArm64CompilationApi,linuxArm64CompilationDependenciesMetadata,linuxArm64CompileKlibraries,linuxArm64MainApiDependenciesMetadata,linuxArm64MainCompileOnlyDependenciesMetadata,linuxArm64MainImplementationDependenciesMetadata,linuxArm64MainResolvableDependenciesMetadata,linuxArm64TestApiDependenciesMetadata,linuxArm64TestCompilationDependenciesMetadata,linuxArm64TestCompileKlibraries,linuxArm64TestCompileOnlyDependenciesMetadata,linuxArm64TestImplementationDependenciesMetadata,linuxArm64TestResolvableDependenciesMetadata,linuxMainApiDependenciesMetadata,linuxMainCompileOnlyDependenciesMetadata,linuxMainImplementationDependenciesMetadata,linuxMainResolvableDependenciesMetadata,linuxTestApiDependenciesMetadata,linuxTestCompileOnlyDependenciesMetadata,linuxTestImplementationDependenciesMetadata,linuxTestResolvableDependenciesMetadata,linuxX64CompilationApi,linuxX64CompilationDependenciesMetadata,linuxX64CompileKlibraries,linuxX64MainApiDependenciesMetadata,linuxX64MainCompileOnlyDependenciesMetadata,linuxX64MainImplementationDependenciesMetadata,linuxX64MainResolvableDependenciesMetadata,linuxX64TestApiDependenciesMetadata,linuxX64TestCompilationDependenciesMetadata,linuxX64TestCompileKlibraries,linuxX64TestCompileOnlyDependenciesMetadata,linuxX64TestImplementationDependenciesMetadata,linuxX64TestResolvableDependenciesMetadata,macosArm64CompilationApi,macosArm64CompilationDependenciesMetadata,macosArm64CompileKlibraries,macosArm64MainApiDependenciesMetadata,macosArm64MainCompileOnlyDependenciesMetadata,macosArm64MainImplementationDependenciesMetadata,macosArm64MainResolvableDependenciesMetadata,macosArm64TestApiDependenciesMetadata,macosArm64TestCompilationDependenciesMetadata,macosArm64TestCompileKlibraries,macosArm64TestCompileOnlyDependenciesMetadata,macosArm64TestImplementationDependenciesMetadata,macosArm64TestResolvableDependenciesMetadata,macosMainApiDependenciesMetadata,macosMainCompileOnlyDependenciesMetadata,macosMainImplementationDependenciesMetadata,macosMainResolvableDependenciesMetadata,macosTestApiDependenciesMetadata,macosTestCompileOnlyDependenciesMetadata,macosTestImplementationDependenciesMetadata,macosTestResolvableDependenciesMetadata,macosX64CompilationApi,macosX64CompilationDependenciesMetadata,macosX64CompileKlibraries,macosX64MainApiDependenciesMetadata,macosX64MainCompileOnlyDependenciesMetadata,macosX64MainImplementationDependenciesMetadata,macosX64MainResolvableDependenciesMetadata,macosX64TestApiDependenciesMetadata,macosX64TestCompilationDependenciesMetadata,macosX64TestCompileKlibraries,macosX64TestCompileOnlyDependenciesMetadata,macosX64TestImplementationDependenciesMetadata,macosX64TestResolvableDependenciesMetadata,metadataAndroidNativeMainCompileClasspath,metadataAppleMainCompileClasspath,metadataCommonMainCompileClasspath,metadataCompileClasspath,metadataIosMainCompileClasspath,metadataLinuxMainCompileClasspath,metadataMacosMainCompileClasspath,metadataNativeMainCompileClasspath,metadataTvosMainCompileClasspath,metadataWatchosMainCompileClasspath,mingwMainApiDependenciesMetadata,mingwMainCompileOnlyDependenciesMetadata,mingwMainImplementationDependenciesMetadata,mingwMainResolvableDependenciesMetadata,mingwTestApiDependenciesMetadata,mingwTestCompileOnlyDependenciesMetadata,mingwTestImplementationDependenciesMetadata,mingwTestResolvableDependenciesMetadata,mingwX64CompilationApi,mingwX64CompilationDependenciesMetadata,mingwX64CompileKlibraries,mingwX64MainApiDependenciesMetadata,mingwX64MainCompileOnlyDependenciesMetadata,mingwX64MainImplementationDependenciesMetadata,mingwX64MainResolvableDependenciesMetadata,mingwX64TestApiDependenciesMetadata,mingwX64TestCompilationDependenciesMetadata,mingwX64TestCompileKlibraries,mingwX64TestCompileOnlyDependenciesMetadata,mingwX64TestImplementationDependenciesMetadata,mingwX64TestResolvableDependenciesMetadata,nativeMainApiDependenciesMetadata,nativeMainCompileOnlyDependenciesMetadata,nativeMainImplementationDependenciesMetadata,nativeMainResolvableDependenciesMetadata,nativeTestApiDependenciesMetadata,nativeTestCompileOnlyDependenciesMetadata,nativeTestImplementationDependenciesMetadata,nativeTestResolvableDependenciesMetadata,tvosArm64CompilationApi,tvosArm64CompilationDependenciesMetadata,tvosArm64CompileKlibraries,tvosArm64MainApiDependenciesMetadata,tvosArm64MainCompileOnlyDependenciesMetadata,tvosArm64MainImplementationDependenciesMetadata,tvosArm64MainResolvableDependenciesMetadata,tvosArm64TestApiDependenciesMetadata,tvosArm64TestCompilationDependenciesMetadata,tvosArm64TestCompileKlibraries,tvosArm64TestCompileOnlyDependenciesMetadata,tvosArm64TestImplementationDependenciesMetadata,tvosArm64TestResolvableDependenciesMetadata,tvosMainApiDependenciesMetadata,tvosMainCompileOnlyDependenciesMetadata,tvosMainImplementationDependenciesMetadata,tvosMainResolvableDependenciesMetadata,tvosSimulatorArm64CompilationApi,tvosSimulatorArm64CompilationDependenciesMetadata,tvosSimulatorArm64CompileKlibraries,tvosSimulatorArm64MainApiDependenciesMetadata,tvosSimulatorArm64MainCompileOnlyDependenciesMetadata,tvosSimulatorArm64MainImplementationDependenciesMetadata,tvosSimulatorArm64MainResolvableDependenciesMetadata,tvosSimulatorArm64TestApiDependenciesMetadata,tvosSimulatorArm64TestCompilationDependenciesMetadata,tvosSimulatorArm64TestCompileKlibraries,tvosSimulatorArm64TestCompileOnlyDependenciesMetadata,tvosSimulatorArm64TestImplementationDependenciesMetadata,tvosSimulatorArm64TestResolvableDependenciesMetadata,tvosTestApiDependenciesMetadata,tvosTestCompileOnlyDependenciesMetadata,tvosTestImplementationDependenciesMetadata,tvosTestResolvableDependenciesMetadata,tvosX64CompilationApi,tvosX64CompilationDependenciesMetadata,tvosX64CompileKlibraries,tvosX64MainApiDependenciesMetadata,tvosX64MainCompileOnlyDependenciesMetadata,tvosX64MainImplementationDependenciesMetadata,tvosX64MainResolvableDependenciesMetadata,tvosX64TestApiDependenciesMetadata,tvosX64TestCompilationDependenciesMetadata,tvosX64TestCompileKlibraries,tvosX64TestCompileOnlyDependenciesMetadata,tvosX64TestImplementationDependenciesMetadata,tvosX64TestResolvableDependenciesMetadata,wasmJsCompileClasspath,wasmJsMainApiDependenciesMetadata,wasmJsMainCompileOnlyDependenciesMetadata,wasmJsMainImplementationDependenciesMetadata,wasmJsMainResolvableDependenciesMetadata,wasmJsNpmAggregated,wasmJsRuntimeClasspath,wasmJsTestApiDependenciesMetadata,wasmJsTestCompileClasspath,wasmJsTestCompileOnlyDependenciesMetadata,wasmJsTestImplementationDependenciesMetadata,wasmJsTestNpmAggregated,wasmJsTestResolvableDependenciesMetadata,wasmJsTestRuntimeClasspath,wasmTestApiDependenciesMetadata,wasmTestCompileOnlyDependenciesMetadata,wasmTestImplementationDependenciesMetadata,wasmTestResolvableDependenciesMetadata,wasmWasiCompileClasspath,wasmWasiMainApiDependenciesMetadata,wasmWasiMainCompileOnlyDependenciesMetadata,wasmWasiMainImplementationDependenciesMetadata,wasmWasiMainResolvableDependenciesMetadata,wasmWasiNpmAggregated,wasmWasiRuntimeClasspath,wasmWasiTestApiDependenciesMetadata,wasmWasiTestCompileClasspath,wasmWasiTestCompileOnlyDependenciesMetadata,wasmWasiTestImplementationDependenciesMetadata,wasmWasiTestNpmAggregated,wasmWasiTestResolvableDependenciesMetadata,wasmWasiTestRuntimeClasspath,watchosArm32CompilationApi,watchosArm32CompilationDependenciesMetadata,watchosArm32CompileKlibraries,watchosArm32MainApiDependenciesMetadata,watchosArm32MainCompileOnlyDependenciesMetadata,watchosArm32MainImplementationDependenciesMetadata,watchosArm32MainResolvableDependenciesMetadata,watchosArm32TestApiDependenciesMetadata,watchosArm32TestCompilationDependenciesMetadata,watchosArm32TestCompileKlibraries,watchosArm32TestCompileOnlyDependenciesMetadata,watchosArm32TestImplementationDependenciesMetadata,watchosArm32TestResolvableDependenciesMetadata,watchosArm64CompilationApi,watchosArm64CompilationDependenciesMetadata,watchosArm64CompileKlibraries,watchosArm64MainApiDependenciesMetadata,watchosArm64MainCompileOnlyDependenciesMetadata,watchosArm64MainImplementationDependenciesMetadata,watchosArm64MainResolvableDependenciesMetadata,watchosArm64TestApiDependenciesMetadata,watchosArm64TestCompilationDependenciesMetadata,watchosArm64TestCompileKlibraries,watchosArm64TestCompileOnlyDependenciesMetadata,watchosArm64TestImplementationDependenciesMetadata,watchosArm64TestResolvableDependenciesMetadata,watchosDeviceArm64CompilationApi,watchosDeviceArm64CompilationDependenciesMetadata,watchosDeviceArm64CompileKlibraries,watchosDeviceArm64MainApiDependenciesMetadata,watchosDeviceArm64MainCompileOnlyDependenciesMetadata,watchosDeviceArm64MainImplementationDependenciesMetadata,watchosDeviceArm64MainResolvableDependenciesMetadata,watchosDeviceArm64TestApiDependenciesMetadata,watchosDeviceArm64TestCompilationDependenciesMetadata,watchosDeviceArm64TestCompileKlibraries,watchosDeviceArm64TestCompileOnlyDependenciesMetadata,watchosDeviceArm64TestImplementationDependenciesMetadata,watchosDeviceArm64TestResolvableDependenciesMetadata,watchosMainApiDependenciesMetadata,watchosMainCompileOnlyDependenciesMetadata,watchosMainImplementationDependenciesMetadata,watchosMainResolvableDependenciesMetadata,watchosSimulatorArm64CompilationApi,watchosSimulatorArm64CompilationDependenciesMetadata,watchosSimulatorArm64CompileKlibraries,watchosSimulatorArm64MainApiDependenciesMetadata,watchosSimulatorArm64MainCompileOnlyDependenciesMetadata,watchosSimulatorArm64MainImplementationDependenciesMetadata,watchosSimulatorArm64MainResolvableDependenciesMetadata,watchosSimulatorArm64TestApiDependenciesMetadata,watchosSimulatorArm64TestCompilationDependenciesMetadata,watchosSimulatorArm64TestCompileKlibraries,watchosSimulatorArm64TestCompileOnlyDependenciesMetadata,watchosSimulatorArm64TestImplementationDependenciesMetadata,watchosSimulatorArm64TestResolvableDependenciesMetadata,watchosTestApiDependenciesMetadata,watchosTestCompileOnlyDependenciesMetadata,watchosTestImplementationDependenciesMetadata,watchosTestResolvableDependenciesMetadata,watchosX64CompilationApi,watchosX64CompilationDependenciesMetadata,watchosX64CompileKlibraries,watchosX64MainApiDependenciesMetadata,watchosX64MainCompileOnlyDependenciesMetadata,watchosX64MainImplementationDependenciesMetadata,watchosX64MainResolvableDependenciesMetadata,watchosX64TestApiDependenciesMetadata,watchosX64TestCompilationDependenciesMetadata,watchosX64TestCompileKlibraries,watchosX64TestCompileOnlyDependenciesMetadata,watchosX64TestImplementationDependenciesMetadata,watchosX64TestResolvableDependenciesMetadata
org.jetbrains.kotlin:kotlin-test-annotations-common:1.9.22=allSourceSetsCompileDependenciesMetadata,androidNativeArm32TestResolvableDependenciesMetadata,androidNativeArm64TestResolvableDependenciesMetadata,androidNativeTestApiDependenciesMetadata,androidNativeTestCompileOnlyDependenciesMetadata,androidNativeTestImplementationDependenciesMetadata,androidNativeTestResolvableDependenciesMetadata,androidNativeX64TestResolvableDependenciesMetadata,androidNativeX86TestResolvableDependenciesMetadata,appleTestApiDependenciesMetadata,appleTestCompileOnlyDependenciesMetadata,appleTestImplementationDependenciesMetadata,appleTestResolvableDependenciesMetadata,commonTestApiDependenciesMetadata,commonTestCompileOnlyDependenciesMetadata,commonTestImplementationDependenciesMetadata,commonTestResolvableDependenciesMetadata,iosArm64TestResolvableDependenciesMetadata,iosSimulatorArm64TestResolvableDependenciesMetadata,iosTestApiDependenciesMetadata,iosTestCompileOnlyDependenciesMetadata,iosTestImplementationDependenciesMetadata,iosTestResolvableDependenciesMetadata,iosX64TestResolvableDependenciesMetadata,jsTestResolvableDependenciesMetadata,jvmTestResolvableDependenciesMetadata,linuxArm64TestResolvableDependenciesMetadata,linuxTestApiDependenciesMetadata,linuxTestCompileOnlyDependenciesMetadata,linuxTestImplementationDependenciesMetadata,linuxTestResolvableDependenciesMetadata,linuxX64TestResolvableDependenciesMetadata,macosArm64TestResolvableDependenciesMetadata,macosTestApiDependenciesMetadata,macosTestCompileOnlyDependenciesMetadata,macosTestImplementationDependenciesMetadata,macosTestResolvableDependenciesMetadata,macosX64TestResolvableDependenciesMetadata,mingwTestApiDependenciesMetadata,mingwTestCompileOnlyDependenciesMetadata,mingwTestImplementationDependenciesMetadata,mingwTestResolvableDependenciesMetadata,mingwX64TestResolvableDependenciesMetadata,nativeTestApiDependenciesMetadata,nativeTestCompileOnlyDependenciesMetadata,nativeTestImplementationDependenciesMetadata,nativeTestResolvableDependenciesMetadata,tvosArm64TestResolvableDependenciesMetadata,tvosSimulatorArm64TestResolvableDependenciesMetadata,tvosTestApiDependenciesMetadata,tvosTestCompileOnlyDependenciesMetadata,tvosTestImplementationDependenciesMetadata,tvosTestResolvableDependenciesMetadata,tvosX64TestResolvableDependenciesMetadata,wasmJsTestResolvableDependenciesMetadata,wasmWasiTestResolvableDependenciesMetadata,watchosArm32TestResolvableDependenciesMetadata,watchosArm64TestResolvableDependenciesMetadata,watchosDeviceArm64TestResolvableDependenciesMetadata,watchosSimulatorArm64TestResolvableDependenciesMetadata,watchosTestApiDependenciesMetadata,watchosTestCompileOnlyDependenciesMetadata,watchosTestImplementationDependenciesMetadata,watchosTestResolvableDependenciesMetadata,watchosX64TestResolvableDependenciesMetadata
org.jetbrains.kotlin:kotlin-test-common:1.9.22=allSourceSetsCompileDependenciesMetadata,androidNativeArm32TestResolvableDependenciesMetadata,androidNativeArm64TestResolvableDependenciesMetadata,androidNativeTestApiDependenciesMetadata,androidNativeTestCompileOnlyDependenciesMetadata,androidNativeTestImplementationDependenciesMetadata,androidNativeTestResolvableDependenciesMetadata,androidNativeX64TestResolvableDependenciesMetadata,androidNativeX86TestResolvableDependenciesMetadata,appleTestApiDependenciesMetadata,appleTestCompileOnlyDependenciesMetadata,appleTestImplementationDependenciesMetadata,appleTestResolvableDependenciesMetadata,commonTestApiDependenciesMetadata,commonTestCompileOnlyDependenciesMetadata,commonTestImplementationDependenciesMetadata,commonTestResolvableDependenciesMetadata,iosArm64TestResolvableDependenciesMetadata,iosSimulatorArm64TestResolvableDependenciesMetadata,iosTestApiDependenciesMetadata,iosTestCompileOnlyDependenciesMetadata,iosTestImplementationDependenciesMetadata,iosTestResolvableDependenciesMetadata,iosX64TestResolvableDependenciesMetadata,jsTestResolvableDependenciesMetadata,jvmTestResolvableDependenciesMetadata,linuxArm64TestResolvableDependenciesMetadata,linuxTestApiDependenciesMetadata,linuxTestCompileOnlyDependenciesMetadata,linuxTestImplementationDependenciesMetadata,linuxTestResolvableDependenciesMetadata,linuxX64TestResolvableDependenciesMetadata,macosArm64TestResolvableDependenciesMetadata,macosTestApiDependenciesMetadata,macosTestCompileOnlyDependenciesMetadata,macosTestImplementationDependenciesMetadata,macosTestResolvableDependenciesMetadata,macosX64TestResolvableDependenciesMetadata,mingwTestApiDependenciesMetadata,mingwTestCompileOnlyDependenciesMetadata,mingwTestImplementationDependenciesMetadata,mingwTestResolvableDependenciesMetadata,mingwX64TestResolvableDependenciesMetadata,nativeTestApiDependenciesMetadata,nativeTestCompileOnlyDependenciesMetadata,nativeTestImplementationDependenciesMetadata,nativeTestResolvableDependenciesMetadata,tvosArm64TestResolvableDependenciesMetadata,tvosSimulatorArm64TestResolvableDependenciesMetadata,tvosTestApiDependenciesMetadata,tvosTestCompileOnlyDependenciesMetadata,tvosTestImplementationDependenciesMetadata,tvosTestResolvableDependenciesMetadata,tvosX64TestResolvableDependenciesMetadata,wasmJsTestResolvableDependenciesMetadata,wasmWasiTestResolvableDependenciesMetadata,watchosArm32TestResolvableDependenciesMetadata,watchosArm64TestResolvableDependenciesMetadata,watchosDeviceArm64TestResolvableDependenciesMetadata,watchosSimulatorArm64TestResolvableDependenciesMetadata,watchosTestApiDependenciesMetadata,watchosTestCompileOnlyDependenciesMetadata,watchosTestImplementationDependenciesMetadata,watchosTestResolvableDependenciesMetadata,watchosX64TestResolvableDependenciesMetadata
org.jetbrains.kotlin:kotlin-test-js-runner:1.9.22=jsNpmAggregated,jsTestNpmAggregated,wasmJsNpmAggregated,wasmJsTestNpmAggregated,wasmWasiNpmAggregated,wasmWasiTestNpmAggregated
org.jetbrains.kotlin:kotlin-test-js:1.9.22=jsTestCompileClasspath,jsTestNpmAggregated,jsTestRuntimeClasspath
org.jetbrains.kotlin:kotlin-test-junit:1.9.22=jvmTestCompileClasspath,jvmTestRuntimeClasspath
org.jetbrains.kotlin:kotlin-test-wasm-js:1.9.22=wasmJsTestCompileClasspath,wasmJsTestNpmAggregated,wasmJsTestRuntimeClasspath
org.jetbrains.kotlin:kotlin-test-wasm-wasi:1.9.22=wasmWasiTestCompileClasspath,wasmWasiTestNpmAggregated,wasmWasiTestRuntimeClasspath
org.jetbrains.kotlin:kotlin-test:1.9.22=allSourceSetsCompileDependenciesMetadata,androidNativeArm32TestApiDependenciesMetadata,androidNativeArm32TestCompilationDependenciesMetadata,androidNativeArm32TestCompileKlibraries,androidNativeArm32TestCompileOnlyDependenciesMetadata,androidNativeArm32TestImplementationDependenciesMetadata,androidNativeArm32TestResolvableDependenciesMetadata,androidNativeArm64TestApiDependenciesMetadata,androidNativeArm64TestCompilationDependenciesMetadata,androidNativeArm64TestCompileKlibraries,androidNativeArm64TestCompileOnlyDependenciesMetadata,androidNativeArm64TestImplementationDependenciesMetadata,androidNativeArm64TestResolvableDependenciesMetadata,androidNativeTestApiDependenciesMetadata,androidNativeTestCompileOnlyDependenciesMetadata,androidNativeTestImplementationDependenciesMetadata,androidNativeTestResolvableDependenciesMetadata,androidNativeX64TestApiDependenciesMetadata,androidNativeX64TestCompilationDependenciesMetadata,androidNativeX64TestCompileKlibraries,androidNativeX64TestCompileOnlyDependenciesMetadata,androidNativeX64TestImplementationDependenciesMetadata,androidNativeX64TestResolvableDependenciesMetadata,androidNativeX86TestApiDependenciesMetadata,androidNativeX86TestCompilationDependenciesMetadata,androidNativeX86TestCompileKlibraries,androidNativeX86TestCompileOnlyDependenciesMetadata,androidNativeX86TestImplementationDependenciesMetadata,androidNativeX86TestResolvableDependenciesMetadata,appleTestApiDependenciesMetadata,appleTestCompileOnlyDependenciesMetadata,appleTestImplementationDependenciesMetadata,appleTestResolvableDependenciesMetadata,commonTestApiDependenciesMetadata,commonTestCompileOnlyDependenciesMetadata,commonTestImplementationDependenciesMetadata,commonTestResolvableDependenciesMetadata,iosArm64TestApiDependenciesMetadata,iosArm64TestCompilationDependenciesMetadata,iosArm64TestCompileKlibraries,iosArm64TestCompileOnlyDependenciesMetadata,iosArm64TestImplementationDependenciesMetadata,iosArm64TestResolvableDependenciesMetadata,iosSimulatorArm64TestApiDependenciesMetadata,iosSimulatorArm64TestCompilationDependenciesMetadata,iosSimulatorArm64TestCompileKlibraries,iosSimulatorArm64TestCompileOnlyDependenciesMetadata,iosSimulatorArm64TestImplementationDependenciesMetadata,iosSimulatorArm64TestResolvableDependenciesMetadata,iosTestApiDependenciesMetadata,iosTestCompileOnlyDependenciesMetadata,iosTestImplementationDependenciesMetadata,iosTestResolvableDependenciesMetadata,iosX64TestApiDependenciesMetadata,iosX64TestCompilationDependenciesMetadata,iosX64TestCompileKlibraries,iosX64TestCompileOnlyDependenciesMetadata,iosX64TestImplementationDependenciesMetadata,iosX64TestResolvableDependenciesMetadata,jsTestApiDependenciesMetadata,jsTestCompileClasspath,jsTestCompileOnlyDependenciesMetadata,jsTestImplementationDependenciesMetadata,jsTestNpmAggregated,jsTestResolvableDependenciesMetadata,jsTestRuntimeClasspath,jvmTestApiDependenciesMetadata,jvmTestCompileClasspath,jvmTestCompileOnlyDependenciesMetadata,jvmTestImplementationDependenciesMetadata,jvmTestResolvableDependenciesMetadata,jvmTestRuntimeClasspath,linuxArm64TestApiDependenciesMetadata,linuxArm64TestCompilationDependenciesMetadata,linuxArm64TestCompileKlibraries,linuxArm64TestCompileOnlyDependenciesMetadata,linuxArm64TestImplementationDependenciesMetadata,linuxArm64TestResolvableDependenciesMetadata,linuxTestApiDependenciesMetadata,linuxTestCompileOnlyDependenciesMetadata,linuxTestImplementationDependenciesMetadata,linuxTestResolvableDependenciesMetadata,linuxX64TestApiDependenciesMetadata,linuxX64TestCompilationDependenciesMetadata,linuxX64TestCompileKlibraries,linuxX64TestCompileOnlyDependenciesMetadata,linuxX64TestImplementationDependenciesMetadata,linuxX64TestResolvableDependenciesMetadata,macosArm64TestApiDependenciesMetadata,macosArm64TestCompilationDependenciesMetadata,macosArm64TestCompileKlibraries,macosArm64TestCompileOnlyDependenciesMetadata,macosArm64TestImplementationDependenciesMetadata,macosArm64TestResolvableDependenciesMetadata,macosTestApiDependenciesMetadata,macosTestCompileOnlyDependenciesMetadata,macosTestImplementationDependenciesMetadata,macosTestResolvableDependenciesMetadata,macosX64TestApiDependenciesMetadata,macosX64TestCompilationDependenciesMetadata,macosX64TestCompileKlibraries,macosX64TestCompileOnlyDependenciesMetadata,macosX64TestImplementationDependenciesMetadata,macosX64TestResolvableDependenciesMetadata,mingwTestApiDependenciesMetadata,mingwTestCompileOnlyDependenciesMetadata,mingwTestImplementationDependenciesMetadata,mingwTestResolvableDependenciesMetadata,mingwX64TestApiDependenciesMetadata,mingwX64TestCompilationDependenciesMetadata,mingwX64TestCompileKlibraries,mingwX64TestCompileOnlyDependenciesMetadata,mingwX64TestImplementationDependenciesMetadata,mingwX64TestResolvableDependenciesMetadata,nativeTestApiDependenciesMetadata,nativeTestCompileOnlyDependenciesMetadata,nativeTestImplementationDependenciesMetadata,nativeTestResolvableDependenciesMetadata,tvosArm64TestApiDependenciesMetadata,tvosArm64TestCompilationDependenciesMetadata,tvosArm64TestCompileKlibraries,tvosArm64TestCompileOnlyDependenciesMetadata,tvosArm64TestImplementationDependenciesMetadata,tvosArm64TestResolvableDependenciesMetadata,tvosSimulatorArm64TestApiDependenciesMetadata,tvosSimulatorArm64TestCompilationDependenciesMetadata,tvosSimulatorArm64TestCompileKlibraries,tvosSimulatorArm64TestCompileOnlyDependenciesMetadata,tvosSimulatorArm64TestImplementationDependenciesMetadata,tvosSimulatorArm64TestResolvableDependenciesMetadata,tvosTestApiDependenciesMetadata,tvosTestCompileOnlyDependenciesMetadata,tvosTestImplementationDependenciesMetadata,tvosTestResolvableDependenciesMetadata,tvosX64TestApiDependenciesMetadata,tvosX64TestCompilationDependenciesMetadata,tvosX64TestCompileKlibraries,tvosX64TestCompileOnlyDependenciesMetadata,tvosX64TestImplementationDependenciesMetadata,tvosX64TestResolvableDependenciesMetadata,wasmJsTestApiDependenciesMetadata,wasmJsTestCompileClasspath,wasmJsTestCompileOnlyDependenciesMetadata,wasmJsTestImplementationDependenciesMetadata,wasmJsTestNpmAggregated,wasmJsTestResolvableDependenciesMetadata,wasmJsTestRuntimeClasspath,wasmWasiTestApiDependenciesMetadata,wasmWasiTestCompileClasspath,wasmWasiTestCompileOnlyDependenciesMetadata,wasmWasiTestImplementationDependenciesMetadata,wasmWasiTestNpmAggregated,wasmWasiTestResolvableDependenciesMetadata,wasmWasiTestRuntimeClasspath,watchosArm32TestApiDependenciesMetadata,watchosArm32TestCompilationDependenciesMetadata,watchosArm32TestCompileKlibraries,watchosArm32TestCompileOnlyDependenciesMetadata,watchosArm32TestImplementationDependenciesMetadata,watchosArm32TestResolvableDependenciesMetadata,watchosArm64TestApiDependenciesMetadata,watchosArm64TestCompilationDependenciesMetadata,watchosArm64TestCompileKlibraries,watchosArm64TestCompileOnlyDependenciesMetadata,watchosArm64TestImplementationDependenciesMetadata,watchosArm64TestResolvableDependenciesMetadata,watchosDeviceArm64TestApiDependenciesMetadata,watchosDeviceArm64TestCompilationDependenciesMetadata,watchosDeviceArm64TestCompileKlibraries,watchosDeviceArm64TestCompileOnlyDependenciesMetadata,watchosDeviceArm64TestImplementationDependenciesMetadata,watchosDeviceArm64TestResolvableDependenciesMetadata,watchosSimulatorArm64TestApiDependenciesMetadata,watchosSimulatorArm64TestCompilationDependenciesMetadata,watchosSimulatorArm64TestCompileKlibraries,watchosSimulatorArm64TestCompileOnlyDependenciesMetadata,watchosSimulatorArm64TestImplementationDependenciesMetadata,watchosSimulatorArm64TestResolvableDependenciesMetadata,watchosTestApiDependenciesMetadata,watchosTestCompileOnlyDependenciesMetadata,watchosTestImplementationDependenciesMetadata,watchosTestResolvableDependenciesMetadata,watchosX64TestApiDependenciesMetadata,watchosX64TestCompilationDependenciesMetadata,watchosX64TestCompileKlibraries,watchosX64TestCompileOnlyDependenciesMetadata,watchosX64TestImplementationDependenciesMetadata,watchosX64TestResolvableDependenciesMetadata
org.jetbrains.kotlinx:kotlinx-coroutines-core-jvm:1.5.0=kotlinBuildToolsApiClasspath
org.jetbrains:annotations:13.0=jvmCompileClasspath,jvmRuntimeClasspath,jvmTestCompileClasspath,jvmTestRuntimeClasspath,kotlinBuildToolsApiClasspath,kotlinCompilerClasspath,kotlinCompilerPluginClasspathJsMain,kotlinCompilerPluginClasspathJsTest,kotlinCompilerPluginClasspathJvmMain,kotlinCompilerPluginClasspathJvmTest,kotlinCompilerPluginClasspathMetadataCommonMain,kotlinCompilerPluginClasspathMetadataMain,kotlinCompilerPluginClasspathWasmJsMain,kotlinCompilerPluginClasspathWasmJsTest,kotlinCompilerPluginClasspathWasmWasiMain,kotlinCompilerPluginClasspathWasmWasiTest,kotlinKlibCommonizerClasspath
empty=androidNativeArm32MainIntransitiveDependenciesMetadata,androidNativeArm32TestCompilationApi,androidNativeArm32TestIntransitiveDependenciesMetadata,androidNativeArm64MainIntransitiveDependenciesMetadata,androidNativeArm64TestCompilationApi,androidNativeArm64TestIntransitiveDependenciesMetadata,androidNativeMainIntransitiveDependenciesMetadata,androidNativeTestIntransitiveDependenciesMetadata,androidNativeX64MainIntransitiveDependenciesMetadata,androidNativeX64TestCompilationApi,androidNativeX64TestIntransitiveDependenciesMetadata,androidNativeX86MainIntransitiveDependenciesMetadata,androidNativeX86TestCompilationApi,androidNativeX86TestIntransitiveDependenciesMetadata,appleMainIntransitiveDependenciesMetadata,appleTestIntransitiveDependenciesMetadata,commonMainIntransitiveDependenciesMetadata,commonTestIntransitiveDependenciesMetadata,iosArm64MainIntransitiveDependenciesMetadata,iosArm64TestCompilationApi,iosArm64TestIntransitiveDependenciesMetadata,iosMainIntransitiveDependenciesMetadata,iosSimulatorArm64MainIntransitiveDependenciesMetadata,iosSimulatorArm64TestCompilationApi,iosSimulatorArm64TestIntransitiveDependenciesMetadata,iosTestIntransitiveDependenciesMetadata,iosX64MainIntransitiveDependenciesMetadata,iosX64TestCompilationApi,iosX64TestIntransitiveDependenciesMetadata,jsMainIntransitiveDependenciesMetadata,jsTestIntransitiveDependenciesMetadata,jvmMainIntransitiveDependenciesMetadata,jvmMainModuleApiDependenciesMetadata,jvmMainModuleCompileOnlyDependenciesMetadata,jvmMainModuleImplementationDependenciesMetadata,jvmMainModuleIntransitiveDependenciesMetadata,jvmMainModuleResolvableDependenciesMetadata,jvmTestIntransitiveDependenciesMetadata,jvmTestModuleApiDependenciesMetadata,jvmTestModuleCompileOnlyDependenciesMetadata,jvmTestModuleImplementationDependenciesMetadata,jvmTestModuleIntransitiveDependenciesMetadata,jvmTestModuleResolvableDependenciesMetadata,kotlinCompilerPluginClasspath,kotlinCompilerPluginClasspathAndroidNativeArm32Main,kotlinCompilerPluginClasspathAndroidNativeArm32Test,kotlinCompilerPluginClasspathAndroidNativeArm64Main,kotlinCompilerPluginClasspathAndroidNativeArm64Test,kotlinCompilerPluginClasspathAndroidNativeX64Main,kotlinCompilerPluginClasspathAndroidNativeX64Test,kotlinCompilerPluginClasspathAndroidNativeX86Main,kotlinCompilerPluginClasspathAndroidNativeX86Test,kotlinCompilerPluginClasspathIosArm64Main,kotlinCompilerPluginClasspathIosArm64Test,kotlinCompilerPluginClasspathIosSimulatorArm64Main,kotlinCompilerPluginClasspathIosSimulatorArm64Test,kotlinCompilerPluginClasspathIosX64Main,kotlinCompilerPluginClasspathIosX64Test,kotlinCompilerPluginClasspathLinuxArm64Main,kotlinCompilerPluginClasspathLinuxArm64Test,kotlinCompilerPluginClasspathLinuxX64Main,kotlinCompilerPluginClasspathLinuxX64Test,kotlinCompilerPluginClasspathMacosArm64Main,kotlinCompilerPluginClasspathMacosArm64Test,kotlinCompilerPluginClasspathMacosX64Main,kotlinCompilerPluginClasspathMacosX64Test,kotlinCompilerPluginClasspathMetadataAndroidNativeMain,kotlinCompilerPluginClasspathMetadataAppleMain,kotlinCompilerPluginClasspathMetadataIosMain,kotlinCompilerPluginClasspathMetadataLinuxMain,kotlinCompilerPluginClasspathMetadataMacosMain,kotlinCompilerPluginClasspathMetadataNativeMain,kotlinCompilerPluginClasspathMetadataTvosMain,kotlinCompilerPluginClasspathMetadataWatchosMain,kotlinCompilerPluginClasspathMingwX64Main,kotlinCompilerPluginClasspathMingwX64Test,kotlinCompilerPluginClasspathTvosArm64Main,kotlinCompilerPluginClasspathTvosArm64Test,kotlinCompilerPluginClasspathTvosSimulatorArm64Main,kotlinCompilerPluginClasspathTvosSimulatorArm64Test,kotlinCompilerPluginClasspathTvosX64Main,kotlinCompilerPluginClasspathTvosX64Test,kotlinCompilerPluginClasspathWatchosArm32Main,kotlinCompilerPluginClasspathWatchosArm32Test,kotlinCompilerPluginClasspathWatchosArm64Main,kotlinCompilerPluginClasspathWatchosArm64Test,kotlinCompilerPluginClasspathWatchosDeviceArm64Main,kotlinCompilerPluginClasspathWatchosDeviceArm64Test,kotlinCompilerPluginClasspathWatchosSimulatorArm64Main,kotlinCompilerPluginClasspathWatchosSimulatorArm64Test,kotlinCompilerPluginClasspathWatchosX64Main,kotlinCompilerPluginClasspathWatchosX64Test,kotlinNativeCompilerPluginClasspath,kotlinScriptDef,kotlinScriptDefExtensions,linuxArm64MainIntransitiveDependenciesMetadata,linuxArm64TestCompilationApi,linuxArm64TestIntransitiveDependenciesMetadata,linuxMainIntransitiveDependenciesMetadata,linuxTestIntransitiveDependenciesMetadata,linuxX64MainIntransitiveDependenciesMetadata,linuxX64TestCompilationApi,linuxX64TestIntransitiveDependenciesMetadata,macosArm64MainIntransitiveDependenciesMetadata,macosArm64TestCompilationApi,macosArm64TestIntransitiveDependenciesMetadata,macosMainIntransitiveDependenciesMetadata,macosTestIntransitiveDependenciesMetadata,macosX64MainIntransitiveDependenciesMetadata,macosX64TestCompilationApi,macosX64TestIntransitiveDependenciesMetadata,mingwMainIntransitiveDependenciesMetadata,mingwTestIntransitiveDependenciesMetadata,mingwX64MainIntransitiveDependenciesMetadata,mingwX64TestCompilationApi,mingwX64TestIntransitiveDependenciesMetadata,nativeMainIntransitiveDependenciesMetadata,nativeTestIntransitiveDependenciesMetadata,testKotlinScriptDef,testKotlinScriptDefExtensions,tvosArm64MainIntransitiveDependenciesMetadata,tvosArm64TestCompilationApi,tvosArm64TestIntransitiveDependenciesMetadata,tvosMainIntransitiveDependenciesMetadata,tvosSimulatorArm64MainIntransitiveDependenciesMetadata,tvosSimulatorArm64TestCompilationApi,tvosSimulatorArm64TestIntransitiveDependenciesMetadata,tvosTestIntransitiveDependenciesMetadata,tvosX64MainIntransitiveDependenciesMetadata,tvosX64TestCompilationApi,tvosX64TestIntransitiveDependenciesMetadata,wasmJsMainIntransitiveDependenciesMetadata,wasmJsTestIntransitiveDependenciesMetadata,wasmMainApiDependenciesMetadata,wasmMainCompileOnlyDependenciesMetadata,wasmMainImplementationDependenciesMetadata,wasmMainIntransitiveDependenciesMetadata,wasmMainResolvableDependenciesMetadata,wasmTestIntransitiveDependenciesMetadata,wasmWasiMainIntransitiveDependenciesMetadata,wasmWasiTestIntransitiveDependenciesMetadata,watchosArm32MainIntransitiveDependenciesMetadata,watchosArm32TestCompilationApi,watchosArm32TestIntransitiveDependenciesMetadata,watchosArm64MainIntransitiveDependenciesMetadata,watchosArm64TestCompilationApi,watchosArm64TestIntransitiveDependenciesMetadata,watchosDeviceArm64MainIntransitiveDependenciesMetadata,watchosDeviceArm64TestCompilationApi,watchosDeviceArm64TestIntransitiveDependenciesMetadata,watchosMainIntransitiveDependenciesMetadata,watchosSimulatorArm64MainIntransitiveDependenciesMetadata,watchosSimulatorArm64TestCompilationApi,watchosSimulatorArm64TestIntransitiveDependenciesMetadata,watchosTestIntransitiveDependenciesMetadata,watchosX64MainIntransitiveDependenciesMetadata,watchosX64TestCompilationApi,watchosX64TestIntransitiveDependenciesMetadata
