# This is a Gradle generated file for dependency locking.
# Manual edits can break the build and are not advised.
# This file is expected to be part of source control.
net.sf.jopt-simple:jopt-simple:4.6=jvmBenchmarkGenerateCP,jvmCompileClasspath,jvmRuntimeClasspath,jvmTestCompileClasspath,jvmTestRuntimeClasspath
org.apache.commons:commons-math3:3.2=jvmBenchmarkGenerateCP,jvmCompileClasspath,jvmRuntimeClasspath,jvmTestCompileClasspath,jvmTestRuntimeClasspath
org.jetbrains.intellij.deps:trove4j:1.0.20200330=kotlinBuildToolsApiClasspath,kotlinCompilerClasspath,kotlinKlibCommonizerClasspath
org.jetbrains.kotlin:kotlin-build-common:1.9.22=kotlinBuildToolsApiClasspath
org.jetbrains.kotlin:kotlin-build-tools-api:1.9.22=kotlinBuildToolsApiClasspath
org.jetbrains.kotlin:kotlin-build-tools-impl:1.9.22=kotlinBuildToolsApiClasspath
org.jetbrains.kotlin:kotlin-compiler-embeddable:1.9.22=kotlinBuildToolsApiClasspath,kotlinCompilerClasspath,kotlinKlibCommonizerClasspath
org.jetbrains.kotlin:kotlin-compiler-runner:1.9.22=kotlinBuildToolsApiClasspath
org.jetbrains.kotlin:kotlin-daemon-client:1.9.22=kotlinBuildToolsApiClasspath
org.jetbrains.kotlin:kotlin-daemon-embeddable:1.9.22=kotlinBuildToolsApiClasspath,kotlinCompilerClasspath,kotlinKlibCommonizerClasspath
org.jetbrains.kotlin:kotlin-dom-api-compat:1.9.22=allSourceSetsCompileDependenciesMetadata,jsCompileClasspath,jsJsBenchmarkApiDependenciesMetadata,jsJsBenchmarkCompileClasspath,jsJsBenchmarkCompileOnlyDependenciesMetadata,jsJsBenchmarkImplementationDependenciesMetadata,jsJsBenchmarkNpmAggregated,jsJsBenchmarkResolvableDependenciesMetadata,jsJsBenchmarkRuntimeClasspath,jsMainApiDependenciesMetadata,jsMainCompileOnlyDependenciesMetadata,jsMainImplementationDependenciesMetadata,jsMainResolvableDependenciesMetadata,jsNpmAggregated,jsRuntimeClasspath,jsTestApiDependenciesMetadata,jsTestCompileClasspath,jsTestCompileOnlyDependenciesMetadata,jsTestImplementationDependenciesMetadata,jsTestNpmAggregated,jsTestResolvableDependenciesMetadata,jsTestRuntimeClasspath
org.jetbrains.kotlin:kotlin-klib-commonizer-embeddable:1.9.22=kotlinKlibCommonizerClasspath
org.jetbrains.kotlin:kotlin-reflect:1.6.10=kotlinBuildToolsApiClasspath,kotlinCompilerClasspath,kotlinKlibCommonizerClasspath
org.jetbrains.kotlin:kotlin-script-runtime:1.9.22=kotlinBuildToolsApiClasspath,kotlinCompilerClasspath,kotlinCompilerPluginClasspathJsJsBenchmark,kotlinCompilerPluginClasspathJsMain,kotlinCompilerPluginClasspathJsTest,kotlinCompilerPluginClasspathJvmMain,kotlinCompilerPluginClasspathJvmTest,kotlinCompilerPluginClasspathMetadataCommonMain,kotlinCompilerPluginClasspathMetadataMain,kotlinCompilerPluginClasspathWasmJsMain,kotlinCompilerPluginClasspathWasmJsTest,kotlinCompilerPluginClasspathWasmJsWasmJsBenchmark,kotlinKlibCommonizerClasspath
org.jetbrains.kotlin:kotlin-scripting-common:1.9.22=kotlinCompilerPluginClasspathJsJsBenchmark,kotlinCompilerPluginClasspathJsMain,kotlinCompilerPluginClasspathJsTest,kotlinCompilerPluginClasspathJvmMain,kotlinCompilerPluginClasspathJvmTest,kotlinCompilerPluginClasspathMetadataCommonMain,kotlinCompilerPluginClasspathMetadataMain,kotlinCompilerPluginClasspathWasmJsMain,kotlinCompilerPluginClasspathWasmJsTest,kotlinCompilerPluginClasspathWasmJsWasmJsBenchmark
org.jetbrains.kotlin:kotlin-scripting-compiler-embeddable:1.9.22=kotlinCompilerPluginClasspathJsJsBenchmark,kotlinCompilerPluginClasspathJsMain,kotlinCompilerPluginClasspathJsTest,kotlinCompilerPluginClasspathJvmMain,kotlinCompilerPluginClasspathJvmTest,kotlinCompilerPluginClasspathMetadataCommonMain,kotlinCompilerPluginClasspathMetadataMain,kotlinCompilerPluginClasspathWasmJsMain,kotlinCompilerPluginClasspathWasmJsTest,kotlinCompilerPluginClasspathWasmJsWasmJsBenchmark
org.jetbrains.kotlin:kotlin-scripting-compiler-impl-embeddable:1.9.22=kotlinCompilerPluginClasspathJsJsBenchmark,kotlinCompilerPluginClasspathJsMain,kotlinCompilerPluginClasspathJsTest,kotlinCompilerPluginClasspathJvmMain,kotlinCompilerPluginClasspathJvmTest,kotlinCompilerPluginClasspathMetadataCommonMain,kotlinCompilerPluginClasspathMetadataMain,kotlinCompilerPluginClasspathWasmJsMain,kotlinCompilerPluginClasspathWasmJsTest,kotlinCompilerPluginClasspathWasmJsWasmJsBenchmark
org.jetbrains.kotlin:kotlin-scripting-jvm:1.9.22=kotlinCompilerPluginClasspathJsJsBenchmark,kotlinCompilerPluginClasspathJsMain,kotlinCompilerPluginClasspathJsTest,kotlinCompilerPluginClasspathJvmMain,kotlinCompilerPluginClasspathJvmTest,kotlinCompilerPluginClasspathMetadataCommonMain,kotlinCompilerPluginClasspathMetadataMain,kotlinCompilerPluginClasspathWasmJsMain,kotlinCompilerPluginClasspathWasmJsTest,kotlinCompilerPluginClasspathWasmJsWasmJsBenchmark
org.jetbrains.kotlin:kotlin-stdlib-js:1.9.22=jsCompileClasspath,jsJsBenchmarkApiDependenciesMetadata,jsJsBenchmarkCompileClasspath,jsJsBenchmarkCompileOnlyDependenciesMetadata,jsJsBenchmarkImplementationDependenciesMetadata,jsJsBenchmarkNpmAggregated,jsJsBenchmarkRuntimeClasspath,jsMainApiDependenciesMetadata,jsMainCompileOnlyDependenciesMetadata,jsMainImplementationDependenciesMetadata,jsNpmAggregated,jsRuntimeClasspath,jsTestApiDependenciesMetadata,jsTestCompileClasspath,jsTestCompileOnlyDependenciesMetadata,jsTestImplementationDependenciesMetadata,jsTestNpmAggregated,jsTestRuntimeClasspath
org.jetbrains.kotlin:kotlin-stdlib-wasm-js:1.9.22=wasmJsCompileClasspath,wasmJsNpmAggregated,wasmJsRuntimeClasspath,wasmJsTestCompileClasspath,wasmJsTestNpmAggregated,wasmJsTestRuntimeClasspath,wasmJsWasmJsBenchmarkCompileClasspath,wasmJsWasmJsBenchmarkNpmAggregated,wasmJsWasmJsBenchmarkRuntimeClasspath
org.jetbrains.kotlin:kotlin-stdlib:1.9.22=allSourceSetsCompileDependenciesMetadata,commonMainApiDependenciesMetadata,commonMainCompileOnlyDependenciesMetadata,commonMainImplementationDependenciesMetadata,commonMainResolvableDependenciesMetadata,commonTestApiDependenciesMetadata,commonTestCompileOnlyDependenciesMetadata,commonTestImplementationDependenciesMetadata,commonTestResolvableDependenciesMetadata,jsCompileClasspath,jsJsBenchmarkApiDependenciesMetadata,jsJsBenchmarkCompileClasspath,jsJsBenchmarkCompileOnlyDependenciesMetadata,jsJsBenchmarkImplementationDependenciesMetadata,jsJsBenchmarkNpmAggregated,jsJsBenchmarkResolvableDependenciesMetadata,jsJsBenchmarkRuntimeClasspath,jsMainApiDependenciesMetadata,jsMainCompileOnlyDependenciesMetadata,jsMainImplementationDependenciesMetadata,jsMainResolvableDependenciesMetadata,jsNpmAggregated,jsRuntimeClasspath,jsTestApiDependenciesMetadata,jsTestCompileClasspath,jsTestCompileOnlyDependenciesMetadata,jsTestImplementationDependenciesMetadata,jsTestNpmAggregated,jsTestResolvableDependenciesMetadata,jsTestRuntimeClasspath,jvmCompileClasspath,jvmMainApiDependenciesMetadata,jvmMainCompileOnlyDependenciesMetadata,jvmMainImplementationDependenciesMetadata,jvmMainResolvableDependenciesMetadata,jvmRuntimeClasspath,jvmTestApiDependenciesMetadata,jvmTestCompileClasspath,jvmTestCompileOnlyDependenciesMetadata,jvmTestImplementationDependenciesMetadata,jvmTestResolvableDependenciesMetadata,jvmTestRuntimeClasspath,kotlinBuildToolsApiClasspath,kotlinCompilerClasspath,kotlinCompilerPluginClasspathJsJsBenchmark,kotlinCompilerPluginClasspathJsMain,kotlinCompilerPluginClasspathJsTest,kotlinCompilerPluginClasspathJvmMain,kotlinCompilerPluginClasspathJvmTest,kotlinCompilerPluginClasspathMetadataCommonMain,kotlinCompilerPluginClasspathMetadataMain,kotlinCompilerPluginClasspathWasmJsMain,kotlinCompilerPluginClasspathWasmJsTest,kotlinCompilerPluginClasspathWasmJsWasmJsBenchmark,kotlinKlibCommonizerClasspath,linuxX64CompilationApi,linuxX64CompilationDependenciesMetadata,linuxX64CompileKlibraries,linuxX64MainApiDependenciesMetadata,linuxX64MainCompileOnlyDependenciesMetadata,linuxX64MainImplementationDependenciesMetadata,linuxX64MainResolvableDependenciesMetadata,linuxX64TestApiDependenciesMetadata,linuxX64TestCompilationDependenciesMetadata,linuxX64TestCompileKlibraries,linuxX64TestCompileOnlyDependenciesMetadata,linuxX64TestImplementationDependenciesMetadata,linuxX64TestResolvableDependenciesMetadata,macosX64CompilationApi,macosX64CompilationDependenciesMetadata,macosX64CompileKlibraries,macosX64MainApiDependenciesMetadata,macosX64MainCompileOnlyDependenciesMetadata,macosX64MainImplementationDependenciesMetadata,macosX64MainResolvableDependenciesMetadata,macosX64TestApiDependenciesMetadata,macosX64TestCompilationDependenciesMetadata,macosX64TestCompileKlibraries,macosX64TestCompileOnlyDependenciesMetadata,macosX64TestImplementationDependenciesMetadata,macosX64TestResolvableDependenciesMetadata,metadataCommonMainCompileClasspath,metadataCompileClasspath,metadataNativeMainCompileClasspath,mingwX64CompilationApi,mingwX64CompilationDependenciesMetadata,mingwX64CompileKlibraries,mingwX64MainApiDependenciesMetadata,mingwX64MainCompileOnlyDependenciesMetadata,mingwX64MainImplementationDependenciesMetadata,mingwX64MainResolvableDependenciesMetadata,mingwX64TestApiDependenciesMetadata,mingwX64TestCompilationDependenciesMetadata,mingwX64TestCompileKlibraries,mingwX64TestCompileOnlyDependenciesMetadata,mingwX64TestImplementationDependenciesMetadata,mingwX64TestResolvableDependenciesMetadata,nativeMainApiDependenciesMetadata,nativeMainCompileOnlyDependenciesMetadata,nativeMainImplementationDependenciesMetadata,nativeMainResolvableDependenciesMetadata,nativeTestApiDependenciesMetadata,nativeTestCompileOnlyDependenciesMetadata,nativeTestImplementationDependenciesMetadata,nativeTestResolvableDependenciesMetadata,wasmJsCompileClasspath,wasmJsMainApiDependenciesMetadata,wasmJsMainCompileOnlyDependenciesMetadata,wasmJsMainImplementationDependenciesMetadata,wasmJsMainResolvableDependenciesMetadata,wasmJsNpmAggregated,wasmJsRuntimeClasspath,wasmJsTestApiDependenciesMetadata,wasmJsTestCompileClasspath,wasmJsTestCompileOnlyDependenciesMetadata,wasmJsTestImplementationDependenciesMetadata,wasmJsTestNpmAggregated,wasmJsTestResolvableDependenciesMetadata,wasmJsTestRuntimeClasspath,wasmJsWasmJsBenchmarkApiDependenciesMetadata,wasmJsWasmJsBenchmarkCompileClasspath,wasmJsWasmJsBenchmarkCompileOnlyDependenciesMetadata,wasmJsWasmJsBenchmarkImplementationDependenciesMetadata,wasmJsWasmJsBenchmarkNpmAggregated,wasmJsWasmJsBenchmarkResolvableDependenciesMetadata,wasmJsWasmJsBenchmarkRuntimeClasspath
org.jetbrains.kotlin:kotlin-test-js-runner:1.9.22=jsJsBenchmarkNpmAggregated,jsNpmAggregated,jsTestNpmAggregated,wasmJsNpmAggregated,wasmJsTestNpmAggregated,wasmJsWasmJsBenchmarkNpmAggregated
org.jetbrains.kotlinx:kotlinx-benchmark-runtime-jsir:0.4.10=jsCompileClasspath,jsJsBenchmarkApiDependenciesMetadata,jsJsBenchmarkCompileClasspath,jsJsBenchmarkCompileOnlyDependenciesMetadata,jsJsBenchmarkImplementationDependenciesMetadata,jsJsBenchmarkNpmAggregated,jsJsBenchmarkRuntimeClasspath,jsMainApiDependenciesMetadata,jsMainCompileOnlyDependenciesMetadata,jsMainImplementationDependenciesMetadata,jsNpmAggregated,jsRuntimeClasspath,jsTestApiDependenciesMetadata,jsTestCompileClasspath,jsTestCompileOnlyDependenciesMetadata,jsTestImplementationDependenciesMetadata,jsTestNpmAggregated,jsTestRuntimeClasspath
org.jetbrains.kotlinx:kotlinx-benchmark-runtime-jvm:0.4.10=jvmCompileClasspath,jvmRuntimeClasspath,jvmTestCompileClasspath,jvmTestRuntimeClasspath
org.jetbrains.kotlinx:kotlinx-benchmark-runtime-linuxx64:0.4.10=linuxX64CompilationDependenciesMetadata,linuxX64CompileKlibraries,linuxX64TestCompilationDependenciesMetadata,linuxX64TestCompileKlibraries
org.jetbrains.kotlinx:kotlinx-benchmark-runtime-macosx64:0.4.10=macosX64CompilationDependenciesMetadata,macosX64CompileKlibraries,macosX64TestCompilationDependenciesMetadata,macosX64TestCompileKlibraries
org.jetbrains.kotlinx:kotlinx-benchmark-runtime-mingwx64:0.4.10=mingwX64CompilationDependenciesMetadata,mingwX64CompileKlibraries,mingwX64TestCompilationDependenciesMetadata,mingwX64TestCompileKlibraries
org.jetbrains.kotlinx:kotlinx-benchmark-runtime-wasm-js:0.4.10=wasmJsCompileClasspath,wasmJsNpmAggregated,wasmJsRuntimeClasspath,wasmJsTestCompileClasspath,wasmJsTestNpmAggregated,wasmJsTestRuntimeClasspath,wasmJsWasmJsBenchmarkCompileClasspath,wasmJsWasmJsBenchmarkNpmAggregated,wasmJsWasmJsBenchmarkRuntimeClasspath
org.jetbrains.kotlinx:kotlinx-benchmark-runtime:0.4.10=allSourceSetsCompileDependenciesMetadata,commonMainApiDependenciesMetadata,commonMainCompileOnlyDependenciesMetadata,commonMainImplementationDependenciesMetadata,commonMainResolvableDependenciesMetadata,commonTestApiDependenciesMetadata,commonTestCompileOnlyDependenciesMetadata,commonTestImplementationDependenciesMetadata,commonTestResolvableDependenciesMetadata,jsCompileClasspath,jsJsBenchmarkApiDependenciesMetadata,jsJsBenchmarkCompileClasspath,jsJsBenchmarkCompileOnlyDependenciesMetadata,jsJsBenchmarkImplementationDependenciesMetadata,jsJsBenchmarkNpmAggregated,jsJsBenchmarkResolvableDependenciesMetadata,jsJsBenchmarkRuntimeClasspath,jsMainApiDependenciesMetadata,jsMainCompileOnlyDependenciesMetadata,jsMainImplementationDependenciesMetadata,jsMainResolvableDependenciesMetadata,jsNpmAggregated,jsRuntimeClasspath,jsTestApiDependenciesMetadata,jsTestCompileClasspath,jsTestCompileOnlyDependenciesMetadata,jsTestImplementationDependenciesMetadata,jsTestNpmAggregated,jsTestResolvableDependenciesMetadata,jsTestRuntimeClasspath,jvmCompileClasspath,jvmMainApiDependenciesMetadata,jvmMainCompileOnlyDependenciesMetadata,jvmMainImplementationDependenciesMetadata,jvmMainResolvableDependenciesMetadata,jvmRuntimeClasspath,jvmTestApiDependenciesMetadata,jvmTestCompileClasspath,jvmTestCompileOnlyDependenciesMetadata,jvmTestImplementationDependenciesMetadata,jvmTestResolvableDependenciesMetadata,jvmTestRuntimeClasspath,linuxX64CompilationDependenciesMetadata,linuxX64CompileKlibraries,linuxX64MainApiDependenciesMetadata,linuxX64MainCompileOnlyDependenciesMetadata,linuxX64MainImplementationDependenciesMetadata,linuxX64MainResolvableDependenciesMetadata,linuxX64TestApiDependenciesMetadata,linuxX64TestCompilationDependenciesMetadata,linuxX64TestCompileKlibraries,linuxX64TestCompileOnlyDependenciesMetadata,linuxX64TestImplementationDependenciesMetadata,linuxX64TestResolvableDependenciesMetadata,macosX64CompilationDependenciesMetadata,macosX64CompileKlibraries,macosX64MainApiDependenciesMetadata,macosX64MainCompileOnlyDependenciesMetadata,macosX64MainImplementationDependenciesMetadata,macosX64MainResolvableDependenciesMetadata,macosX64TestApiDependenciesMetadata,macosX64TestCompilationDependenciesMetadata,macosX64TestCompileKlibraries,macosX64TestCompileOnlyDependenciesMetadata,macosX64TestImplementationDependenciesMetadata,macosX64TestResolvableDependenciesMetadata,metadataCommonMainCompileClasspath,metadataCompileClasspath,metadataNativeMainCompileClasspath,mingwX64CompilationDependenciesMetadata,mingwX64CompileKlibraries,mingwX64MainApiDependenciesMetadata,mingwX64MainCompileOnlyDependenciesMetadata,mingwX64MainImplementationDependenciesMetadata,mingwX64MainResolvableDependenciesMetadata,mingwX64TestApiDependenciesMetadata,mingwX64TestCompilationDependenciesMetadata,mingwX64TestCompileKlibraries,mingwX64TestCompileOnlyDependenciesMetadata,mingwX64TestImplementationDependenciesMetadata,mingwX64TestResolvableDependenciesMetadata,nativeMainApiDependenciesMetadata,nativeMainCompileOnlyDependenciesMetadata,nativeMainImplementationDependenciesMetadata,nativeMainResolvableDependenciesMetadata,nativeTestApiDependenciesMetadata,nativeTestCompileOnlyDependenciesMetadata,nativeTestImplementationDependenciesMetadata,nativeTestResolvableDependenciesMetadata,wasmJsCompileClasspath,wasmJsMainApiDependenciesMetadata,wasmJsMainCompileOnlyDependenciesMetadata,wasmJsMainImplementationDependenciesMetadata,wasmJsMainResolvableDependenciesMetadata,wasmJsNpmAggregated,wasmJsRuntimeClasspath,wasmJsTestApiDependenciesMetadata,wasmJsTestCompileClasspath,wasmJsTestCompileOnlyDependenciesMetadata,wasmJsTestImplementationDependenciesMetadata,wasmJsTestNpmAggregated,wasmJsTestResolvableDependenciesMetadata,wasmJsTestRuntimeClasspath,wasmJsWasmJsBenchmarkApiDependenciesMetadata,wasmJsWasmJsBenchmarkCompileClasspath,wasmJsWasmJsBenchmarkCompileOnlyDependenciesMetadata,wasmJsWasmJsBenchmarkImplementationDependenciesMetadata,wasmJsWasmJsBenchmarkNpmAggregated,wasmJsWasmJsBenchmarkResolvableDependenciesMetadata,wasmJsWasmJsBenchmarkRuntimeClasspath
org.jetbrains.kotlinx:kotlinx-coroutines-core-jvm:1.5.0=kotlinBuildToolsApiClasspath
org.jetbrains:annotations:13.0=jvmCompileClasspath,jvmRuntimeClasspath,jvmTestCompileClasspath,jvmTestRuntimeClasspath,kotlinBuildToolsApiClasspath,kotlinCompilerClasspath,kotlinCompilerPluginClasspathJsJsBenchmark,kotlinCompilerPluginClasspathJsMain,kotlinCompilerPluginClasspathJsTest,kotlinCompilerPluginClasspathJvmMain,kotlinCompilerPluginClasspathJvmTest,kotlinCompilerPluginClasspathMetadataCommonMain,kotlinCompilerPluginClasspathMetadataMain,kotlinCompilerPluginClasspathWasmJsMain,kotlinCompilerPluginClasspathWasmJsTest,kotlinCompilerPluginClasspathWasmJsWasmJsBenchmark,kotlinKlibCommonizerClasspath
org.openjdk.jmh:jmh-core:1.21=jvmBenchmarkGenerateCP,jvmCompileClasspath,jvmRuntimeClasspath,jvmTestCompileClasspath,jvmTestRuntimeClasspath
org.openjdk.jmh:jmh-generator-asm:1.21=jvmBenchmarkGenerateCP
org.openjdk.jmh:jmh-generator-bytecode:1.21=jvmBenchmarkGenerateCP
org.openjdk.jmh:jmh-generator-reflection:1.21=jvmBenchmarkGenerateCP
org.ow2.asm:asm:5.0.3=jvmBenchmarkGenerateCP
empty=benchmarksJar,commonMainIntransitiveDependenciesMetadata,commonTestIntransitiveDependenciesMetadata,jsJsBenchmarkIntransitiveDependenciesMetadata,jsMainIntransitiveDependenciesMetadata,jsTestIntransitiveDependenciesMetadata,jvmMainIntransitiveDependenciesMetadata,jvmTestIntransitiveDependenciesMetadata,kotlinCompilerPluginClasspath,kotlinCompilerPluginClasspathLinuxX64Main,kotlinCompilerPluginClasspathLinuxX64Test,kotlinCompilerPluginClasspathMacosX64Main,kotlinCompilerPluginClasspathMacosX64Test,kotlinCompilerPluginClasspathMetadataNativeMain,kotlinCompilerPluginClasspathMingwX64Main,kotlinCompilerPluginClasspathMingwX64Test,kotlinNativeCompilerPluginClasspath,kotlinScriptDef,kotlinScriptDefExtensions,linuxX64MainIntransitiveDependenciesMetadata,linuxX64TestCompilationApi,linuxX64TestIntransitiveDependenciesMetadata,macosX64MainIntransitiveDependenciesMetadata,macosX64TestCompilationApi,macosX64TestIntransitiveDependenciesMetadata,mingwX64MainIntransitiveDependenciesMetadata,mingwX64TestCompilationApi,mingwX64TestIntransitiveDependenciesMetadata,nativeMainIntransitiveDependenciesMetadata,nativeTestIntransitiveDependenciesMetadata,testKotlinScriptDef,testKotlinScriptDefExtensions,wasmJsMainIntransitiveDependenciesMetadata,wasmJsTestIntransitiveDependenciesMetadata,wasmJsWasmJsBenchmarkIntransitiveDependenciesMetadata
